PODS:
  - GDRSSnapshotTestCase (0.1.0):
    - GDRSSnapshotTestCase/SwiftSupport (= 0.1.0)
  - GDRSSnapshotTestCase/Core (0.1.0)
  - GDRSSnapshotTestCase/SwiftSupport (0.1.0):
    - GDRSSnapshotTestCase/Core

DEPENDENCIES:
  - GDRSSnapshotTestCase (from `..`)

EXTERNAL SOURCES:
  GDRSSnapshotTestCase:
    :path: ..

SPEC CHECKSUMS:
  GDRSSnapshotTestCase: 758f8d17ece557ba218bbc26e4cb636b0d0ec329

COCOAPODS: 0.39.0
