PODS:
  - GDRSSnapshotTestCase (0.1.0):
    - GDRSSnapshotTestCase/SwiftSupport (= 0.1.0)
  - GDRSSnapshotTestCase/Core (0.1.0)
  - GDRSSnapshotTestCase/SwiftSupport (0.1.0):
    - GDRSSnapshotTestCase/Core

DEPENDENCIES:
  - GDRSSnapshotTestCase (from `..`)

EXTERNAL SOURCES:
  GDRSSnapshotTestCase:
    :path: ..

SPEC CHECKSUMS:
  GDRSSnapshotTestCase: a49f8ca8a12b5f981b4ba9d2a838f3a87e8f931e

PODFILE CHECKSUM: c91ece8af892ec5e53433f9186842dc81708e8dd

COCOAPODS: 1.0.0
